// !$*UTF8*$!
{
	archiveVersion = 1;
	classes = {
	};
	objectVersion = 50;
	objects = {

/* Begin PBXBuildFile section */
		9CCB945521D57B44008C7268 /* AppDelegate.swift in Sources */ = {isa = PBXBuildFile; fileRef = 9CCB945421D57B44008C7268 /* AppDelegate.swift */; };
		9CCB945721D57B44008C7268 /* ViewController.swift in Sources */ = {isa = PBXBuildFile; fileRef = 9CCB945621D57B44008C7268 /* ViewController.swift */; };
		9CCB945A21D57B44008C7268 /* Main.storyboard in Resources */ = {isa = PBXBuildFile; fileRef = 9CCB945821D57B44008C7268 /* Main.storyboard */; };
		9CCB945C21D57B44008C7268 /* Assets.xcassets in Resources */ = {isa = PBXBuildFile; fileRef = 9CCB945B21D57B44008C7268 /* Assets.xcassets */; };
		9CCB945F21D57B44008C7268 /* LaunchScreen.storyboard in Resources */ = {isa = PBXBuildFile; fileRef = 9CCB945D21D57B44008C7268 /* LaunchScreen.storyboard */; };
		9CCB946A21D57B44008C7268 /* cookie_clickTests.swift in Sources */ = {isa = PBXBuildFile; fileRef = 9CCB946921D57B44008C7268 /* cookie_clickTests.swift */; };
		9CCB947521D57B44008C7268 /* cookie_clickUITests.swift in Sources */ = {isa = PBXBuildFile; fileRef = 9CCB947421D57B44008C7268 /* cookie_clickUITests.swift */; };
/* End PBXBuildFile section */

/* Begin PBXContainerItemProxy section */
		9CCB946621D57B44008C7268 /* PBXContainerItemProxy */ = {
			isa = PBXContainerItemProxy;
			containerPortal = 9CCB944921D57B44008C7268 /* Project object */;
			proxyType = 1;
			remoteGlobalIDString = 9CCB945021D57B44008C7268;
			remoteInfo = cookie_click;
		};
		9CCB947121D57B44008C7268 /* PBXContainerItemProxy */ = {
			isa = PBXContainerItemProxy;
			containerPortal = 9CCB944921D57B44008C7268 /* Project object */;
			proxyType = 1;
			remoteGlobalIDString = 9CCB945021D57B44008C7268;
			remoteInfo = cookie_click;
		};
/* End PBXContainerItemProxy section */

/* Begin PBXFileReference section */
		9CCB945121D57B44008C7268 /* cookie_click.app */ = {isa = PBXFileReference; explicitFileType = wrapper.application; includeInIndex = 0; path = cookie_click.app; sourceTree = BUILT_PRODUCTS_DIR; };
		9CCB945421D57B44008C7268 /* AppDelegate.swift */ = {isa = PBXFileReference; lastKnownFileType = sourcecode.swift; path = AppDelegate.swift; sourceTree = "<group>"; };
		9CCB945621D57B44008C7268 /* ViewController.swift */ = {isa = PBXFileReference; lastKnownFileType = sourcecode.swift; path = ViewController.swift; sourceTree = "<group>"; };
		9CCB945921D57B44008C7268 /* Base */ = {isa = PBXFileReference; lastKnownFileType = file.storyboard; name = Base; path = Base.lproj/Main.storyboard; sourceTree = "<group>"; };
		9CCB945B21D57B44008C7268 /* Assets.xcassets */ = {isa = PBXFileReference; lastKnownFileType = folder.assetcatalog; path = Assets.xcassets; sourceTree = "<group>"; };
		9CCB945E21D57B44008C7268 /* Base */ = {isa = PBXFileReference; lastKnownFileType = file.storyboard; name = Base; path = Base.lproj/LaunchScreen.storyboard; sourceTree = "<group>"; };
		9CCB946021D57B44008C7268 /* Info.plist */ = {isa = PBXFileReference; lastKnownFileType = text.plist.xml; path = Info.plist; sourceTree = "<group>"; };
		9CCB946521D57B44008C7268 /* cookie_clickTests.xctest */ = {isa = PBXFileReference; explicitFileType = wrapper.cfbundle; includeInIndex = 0; path = cookie_clickTests.xctest; sourceTree = BUILT_PRODUCTS_DIR; };
		9CCB946921D57B44008C7268 /* cookie_clickTests.swift */ = {isa = PBXFileReference; lastKnownFileType = sourcecode.swift; path = cookie_clickTests.swift; sourceTree = "<group>"; };
		9CCB946B21D57B44008C7268 /* Info.plist */ = {isa = PBXFileReference; lastKnownFileType = text.plist.xml; path = Info.plist; sourceTree = "<group>"; };
		9CCB947021D57B44008C7268 /* cookie_clickUITests.xctest */ = {isa = PBXFileReference; explicitFileType = wrapper.cfbundle; includeInIndex = 0; path = cookie_clickUITests.xctest; sourceTree = BUILT_PRODUCTS_DIR; };
		9CCB947421D57B44008C7268 /* cookie_clickUITests.swift */ = {isa = PBXFileReference; lastKnownFileType = sourcecode.swift; path = cookie_clickUITests.swift; sourceTree = "<group>"; };
		9CCB947621D57B44008C7268 /* Info.plist */ = {isa = PBXFileReference; lastKnownFileType = text.plist.xml; path = Info.plist; sourceTree = "<group>"; };
/* End PBXFileReference section */

/* Begin PBXFrameworksBuildPhase section */
		9CCB944E21D57B44008C7268 /* Frameworks */ = {
			isa = PBXFrameworksBuildPhase;
			buildActionMask = 2147483647;
			files = (
			);
			runOnlyForDeploymentPostprocessing = 0;
		};
		9CCB946221D57B44008C7268 /* Frameworks */ = {
			isa = PBXFrameworksBuildPhase;
			buildActionMask = 2147483647;
			files = (
			);
			runOnlyForDeploymentPostprocessing = 0;
		};
		9CCB946D21D57B44008C7268 /* Frameworks */ = {
			isa = PBXFrameworksBuildPhase;
			buildActionMask = 2147483647;
			files = (
			);
			runOnlyForDeploymentPostprocessing = 0;
		};
/* End PBXFrameworksBuildPhase section */

/* Begin PBXGroup section */
		9CCB944821D57B44008C7268 = {
			isa = PBXGroup;
			children = (
				9CCB945321D57B44008C7268 /* cookie_click */,
				9CCB946821D57B44008C7268 /* cookie_clickTests */,
				9CCB947321D57B44008C7268 /* cookie_clickUITests */,
				9CCB945221D57B44008C7268 /* Products */,
			);
			sourceTree = "<group>";
		};
		9CCB945221D57B44008C7268 /* Products */ = {
			isa = PBXGroup;
			children = (
				9CCB945121D57B44008C7268 /* cookie_click.app */,
				9CCB946521D57B44008C7268 /* cookie_clickTests.xctest */,
				9CCB947021D57B44008C7268 /* cookie_clickUITests.xctest */,
			);
			name = Products;
			sourceTree = "<group>";
		};
		9CCB945321D57B44008C7268 /* cookie_click */ = {
			isa = PBXGroup;
			children = (
				9CCB945421D57B44008C7268 /* AppDelegate.swift */,
				9CCB945621D57B44008C7268 /* ViewController.swift */,
				9CCB945821D57B44008C7268 /* Main.storyboard */,
				9CCB945B21D57B44008C7268 /* Assets.xcassets */,
				9CCB945D21D57B44008C7268 /* LaunchScreen.storyboard */,
				9CCB946021D57B44008C7268 /* Info.plist */,
			);
			path = cookie_click;
			sourceTree = "<group>";
		};
		9CCB946821D57B44008C7268 /* cookie_clickTests */ = {
			isa = PBXGroup;
			children = (
				9CCB946921D57B44008C7268 /* cookie_clickTests.swift */,
				9CCB946B21D57B44008C7268 /* Info.plist */,
			);
			path = cookie_clickTests;
			sourceTree = "<group>";
		};
		9CCB947321D57B44008C7268 /* cookie_clickUITests */ = {
			isa = PBXGroup;
			children = (
				9CCB947421D57B44008C7268 /* cookie_clickUITests.swift */,
				9CCB947621D57B44008C7268 /* Info.plist */,
			);
			path = cookie_clickUITests;
			sourceTree = "<group>";
		};
/* End PBXGroup section */

/* Begin PBXNativeTarget section */
		9CCB945021D57B44008C7268 /* cookie_click */ = {
			isa = PBXNativeTarget;
			buildConfigurationList = 9CCB947921D57B44008C7268 /* Build configuration list for PBXNativeTarget "cookie_click" */;
			buildPhases = (
				9CCB944D21D57B44008C7268 /* Sources */,
				9CCB944E21D57B44008C7268 /* Frameworks */,
				9CCB944F21D57B44008C7268 /* Resources */,
			);
			buildRules = (
			);
			dependencies = (
			);
			name = cookie_click;
			productName = cookie_click;
			productReference = 9CCB945121D57B44008C7268 /* cookie_click.app */;
			productType = "com.apple.product-type.application";
		};
		9CCB946421D57B44008C7268 /* cookie_clickTests */ = {
			isa = PBXNativeTarget;
			buildConfigurationList = 9CCB947C21D57B44008C7268 /* Build configuration list for PBXNativeTarget "cookie_clickTests" */;
			buildPhases = (
				9CCB946121D57B44008C7268 /* Sources */,
				9CCB946221D57B44008C7268 /* Frameworks */,
				9CCB946321D57B44008C7268 /* Resources */,
			);
			buildRules = (
			);
			dependencies = (
				9CCB946721D57B44008C7268 /* PBXTargetDependency */,
			);
			name = cookie_clickTests;
			productName = cookie_clickTests;
			productReference = 9CCB946521D57B44008C7268 /* cookie_clickTests.xctest */;
			productType = "com.apple.product-type.bundle.unit-test";
		};
		9CCB946F21D57B44008C7268 /* cookie_clickUITests */ = {
			isa = PBXNativeTarget;
			buildConfigurationList = 9CCB947F21D57B44008C7268 /* Build configuration list for PBXNativeTarget "cookie_clickUITests" */;
			buildPhases = (
				9CCB946C21D57B44008C7268 /* Sources */,
				9CCB946D21D57B44008C7268 /* Frameworks */,
				9CCB946E21D57B44008C7268 /* Resources */,
			);
			buildRules = (
			);
			dependencies = (
				9CCB947221D57B44008C7268 /* PBXTargetDependency */,
			);
			name = cookie_clickUITests;
			productName = cookie_clickUITests;
			productReference = 9CCB947021D57B44008C7268 /* cookie_clickUITests.xctest */;
			productType = "com.apple.product-type.bundle.ui-testing";
		};
/* End PBXNativeTarget section */

/* Begin PBXProject section */
		9CCB944921D57B44008C7268 /* Project object */ = {
			isa = PBXProject;
			attributes = {
				LastSwiftUpdateCheck = 1010;
				LastUpgradeCheck = 1010;
				ORGANIZATIONNAME = "jonathan philippe";
				TargetAttributes = {
					9CCB945021D57B44008C7268 = {
						CreatedOnToolsVersion = 10.1;
					};
					9CCB946421D57B44008C7268 = {
						CreatedOnToolsVersion = 10.1;
						TestTargetID = 9CCB945021D57B44008C7268;
					};
					9CCB946F21D57B44008C7268 = {
						CreatedOnToolsVersion = 10.1;
						TestTargetID = 9CCB945021D57B44008C7268;
					};
				};
			};
			buildConfigurationList = 9CCB944C21D57B44008C7268 /* Build configuration list for PBXProject "cookie_click" */;
			compatibilityVersion = "Xcode 9.3";
			developmentRegion = en;
			hasScannedForEncodings = 0;
			knownRegions = (
				en,
				Base,
			);
			mainGroup = 9CCB944821D57B44008C7268;
			productRefGroup = 9CCB945221D57B44008C7268 /* Products */;
			projectDirPath = "";
			projectRoot = "";
			targets = (
				9CCB945021D57B44008C7268 /* cookie_click */,
				9CCB946421D57B44008C7268 /* cookie_clickTests */,
				9CCB946F21D57B44008C7268 /* cookie_clickUITests */,
			);
		};
/* End PBXProject section */

/* Begin PBXResourcesBuildPhase section */
		9CCB944F21D57B44008C7268 /* Resources */ = {
			isa = PBXResourcesBuildPhase;
			buildActionMask = 2147483647;
			files = (
				9CCB945F21D57B44008C7268 /* LaunchScreen.storyboard in Resources */,
				9CCB945C21D57B44008C7268 /* Assets.xcassets in Resources */,
				9CCB945A21D57B44008C7268 /* Main.storyboard in Resources */,
			);
			runOnlyForDeploymentPostprocessing = 0;
		};
		9CCB946321D57B44008C7268 /* Resources */ = {
			isa = PBXResourcesBuildPhase;
			buildActionMask = 2147483647;
			files = (
			);
			runOnlyForDeploymentPostprocessing = 0;
		};
		9CCB946E21D57B44008C7268 /* Resources */ = {
			isa = PBXResourcesBuildPhase;
			buildActionMask = 2147483647;
			files = (
			);
			runOnlyForDeploymentPostprocessing = 0;
		};
/* End PBXResourcesBuildPhase section */

/* Begin PBXSourcesBuildPhase section */
		9CCB944D21D57B44008C7268 /* Sources */ = {
			isa = PBXSourcesBuildPhase;
			buildActionMask = 2147483647;
			files = (
				9CCB945721D57B44008C7268 /* ViewController.swift in Sources */,
				9CCB945521D57B44008C7268 /* AppDelegate.swift in Sources */,
			);
			runOnlyForDeploymentPostprocessing = 0;
		};
		9CCB946121D57B44008C7268 /* Sources */ = {
			isa = PBXSourcesBuildPhase;
			buildActionMask = 2147483647;
			files = (
				9CCB946A21D57B44008C7268 /* cookie_clickTests.swift in Sources */,
			);
			runOnlyForDeploymentPostprocessing = 0;
		};
		9CCB946C21D57B44008C7268 /* Sources */ = {
			isa = PBXSourcesBuildPhase;
			buildActionMask = 2147483647;
			files = (
				9CCB947521D57B44008C7268 /* cookie_clickUITests.swift in Sources */,
			);
			runOnlyForDeploymentPostprocessing = 0;
		};
/* End PBXSourcesBuildPhase section */

/* Begin PBXTargetDependency section */
		9CCB946721D57B44008C7268 /* PBXTargetDependency */ = {
			isa = PBXTargetDependency;
			target = 9CCB945021D57B44008C7268 /* cookie_click */;
			targetProxy = 9CCB946621D57B44008C7268 /* PBXContainerItemProxy */;
		};
		9CCB947221D57B44008C7268 /* PBXTargetDependency */ = {
			isa = PBXTargetDependency;
			target = 9CCB945021D57B44008C7268 /* cookie_click */;
			targetProxy = 9CCB947121D57B44008C7268 /* PBXContainerItemProxy */;
		};
/* End PBXTargetDependency section */

/* Begin PBXVariantGroup section */
		9CCB945821D57B44008C7268 /* Main.storyboard */ = {
			isa = PBXVariantGroup;
			children = (
				9CCB945921D57B44008C7268 /* Base */,
			);
			name = Main.storyboard;
			sourceTree = "<group>";
		};
		9CCB945D21D57B44008C7268 /* LaunchScreen.storyboard */ = {
			isa = PBXVariantGroup;
			children = (
				9CCB945E21D57B44008C7268 /* Base */,
			);
			name = LaunchScreen.storyboard;
			sourceTree = "<group>";
		};
/* End PBXVariantGroup section */

/* Begin XCBuildConfiguration section */
		9CCB947721D57B44008C7268 /* Debug */ = {
			isa = XCBuildConfiguration;
			buildSettings = {
				ALWAYS_SEARCH_USER_PATHS = NO;
				CLANG_ANALYZER_NONNULL = YES;
				CLANG_ANALYZER_NUMBER_OBJECT_CONVERSION = YES_AGGRESSIVE;
				CLANG_CXX_LANGUAGE_STANDARD = "gnu++14";
				CLANG_CXX_LIBRARY = "libc++";
				CLANG_ENABLE_MODULES = YES;
				CLANG_ENABLE_OBJC_ARC = YES;
				CLANG_ENABLE_OBJC_WEAK = YES;
				CLANG_WARN_BLOCK_CAPTURE_AUTORELEASING = YES;
				CLANG_WARN_BOOL_CONVERSION = YES;
				CLANG_WARN_COMMA = YES;
				CLANG_WARN_CONSTANT_CONVERSION = YES;
				CLANG_WARN_DEPRECATED_OBJC_IMPLEMENTATIONS = YES;
				CLANG_WARN_DIRECT_OBJC_ISA_USAGE = YES_ERROR;
				CLANG_WARN_DOCUMENTATION_COMMENTS = YES;
				CLANG_WARN_EMPTY_BODY = YES;
				CLANG_WARN_ENUM_CONVERSION = YES;
				CLANG_WARN_INFINITE_RECURSION = YES;
				CLANG_WARN_INT_CONVERSION = YES;
				CLANG_WARN_NON_LITERAL_NULL_CONVERSION = YES;
				CLANG_WARN_OBJC_IMPLICIT_RETAIN_SELF = YES;
				CLANG_WARN_OBJC_LITERAL_CONVERSION = YES;
				CLANG_WARN_OBJC_ROOT_CLASS = YES_ERROR;
				CLANG_WARN_RANGE_LOOP_ANALYSIS = YES;
				CLANG_WARN_STRICT_PROTOTYPES = YES;
				CLANG_WARN_SUSPICIOUS_MOVE = YES;
				CLANG_WARN_UNGUARDED_AVAILABILITY = YES_AGGRESSIVE;
				CLANG_WARN_UNREACHABLE_CODE = YES;
				CLANG_WARN__DUPLICATE_METHOD_MATCH = YES;
				CODE_SIGN_IDENTITY = "iPhone Developer";
				COPY_PHASE_STRIP = NO;
				DEBUG_INFORMATION_FORMAT = dwarf;
				ENABLE_STRICT_OBJC_MSGSEND = YES;
				ENABLE_TESTABILITY = YES;
				GCC_C_LANGUAGE_STANDARD = gnu11;
				GCC_DYNAMIC_NO_PIC = NO;
				GCC_NO_COMMON_BLOCKS = YES;
				GCC_OPTIMIZATION_LEVEL = 0;
				GCC_PREPROCESSOR_DEFINITIONS = (
					"DEBUG=1",
					"$(inherited)",
				);
				GCC_WARN_64_TO_32_BIT_CONVERSION = YES;
				GCC_WARN_ABOUT_RETURN_TYPE = YES_ERROR;
				GCC_WARN_UNDECLARED_SELECTOR = YES;
				GCC_WARN_UNINITIALIZED_AUTOS = YES_AGGRESSIVE;
				GCC_WARN_UNUSED_FUNCTION = YES;
				GCC_WARN_UNUSED_VARIABLE = YES;
				IPHONEOS_DEPLOYMENT_TARGET = 12.1;
				MTL_ENABLE_DEBUG_INFO = INCLUDE_SOURCE;
				MTL_FAST_MATH = YES;
				ONLY_ACTIVE_ARCH = YES;
				SDKROOT = iphoneos;
				SWIFT_ACTIVE_COMPILATION_CONDITIONS = DEBUG;
				SWIFT_OPTIMIZATION_LEVEL = "-Onone";
			};
			name = Debug;
		};
		9CCB947821D57B44008C7268 /* Release */ = {
			isa = XCBuildConfiguration;
			buildSettings = {
				ALWAYS_SEARCH_USER_PATHS = NO;
				CLANG_ANALYZER_NONNULL = YES;
				CLANG_ANALYZER_NUMBER_OBJECT_CONVERSION = YES_AGGRESSIVE;
				CLANG_CXX_LANGUAGE_STANDARD = "gnu++14";
				CLANG_CXX_LIBRARY = "libc++";
				CLANG_ENABLE_MODULES = YES;
				CLANG_ENABLE_OBJC_ARC = YES;
				CLANG_ENABLE_OBJC_WEAK = YES;
				CLANG_WARN_BLOCK_CAPTURE_AUTORELEASING = YES;
				CLANG_WARN_BOOL_CONVERSION = YES;
				CLANG_WARN_COMMA = YES;
				CLANG_WARN_CONSTANT_CONVERSION = YES;
				CLANG_WARN_DEPRECATED_OBJC_IMPLEMENTATIONS = YES;
				CLANG_WARN_DIRECT_OBJC_ISA_USAGE = YES_ERROR;
				CLANG_WARN_DOCUMENTATION_COMMENTS = YES;
				CLANG_WARN_EMPTY_BODY = YES;
				CLANG_WARN_ENUM_CONVERSION = YES;
				CLANG_WARN_INFINITE_RECURSION = YES;
				CLANG_WARN_INT_CONVERSION = YES;
				CLANG_WARN_NON_LITERAL_NULL_CONVERSION = YES;
				CLANG_WARN_OBJC_IMPLICIT_RETAIN_SELF = YES;
				CLANG_WARN_OBJC_LITERAL_CONVERSION = YES;
				CLANG_WARN_OBJC_ROOT_CLASS = YES_ERROR;
				CLANG_WARN_RANGE_LOOP_ANALYSIS = YES;
				CLANG_WARN_STRICT_PROTOTYPES = YES;
				CLANG_WARN_SUSPICIOUS_MOVE = YES;
				CLANG_WARN_UNGUARDED_AVAILABILITY = YES_AGGRESSIVE;
				CLANG_WARN_UNREACHABLE_CODE = YES;
				CLANG_WARN__DUPLICATE_METHOD_MATCH = YES;
				CODE_SIGN_IDENTITY = "iPhone Developer";
				COPY_PHASE_STRIP = NO;
				DEBUG_INFORMATION_FORMAT = "dwarf-with-dsym";
				ENABLE_NS_ASSERTIONS = NO;
				ENABLE_STRICT_OBJC_MSGSEND = YES;
				GCC_C_LANGUAGE_STANDARD = gnu11;
				GCC_NO_COMMON_BLOCKS = YES;
				GCC_WARN_64_TO_32_BIT_CONVERSION = YES;
				GCC_WARN_ABOUT_RETURN_TYPE = YES_ERROR;
				GCC_WARN_UNDECLARED_SELECTOR = YES;
				GCC_WARN_UNINITIALIZED_AUTOS = YES_AGGRESSIVE;
				GCC_WARN_UNUSED_FUNCTION = YES;
				GCC_WARN_UNUSED_VARIABLE = YES;
				IPHONEOS_DEPLOYMENT_TARGET = 12.1;
				MTL_ENABLE_DEBUG_INFO = NO;
				MTL_FAST_MATH = YES;
				SDKROOT = iphoneos;
				SWIFT_COMPILATION_MODE = wholemodule;
				SWIFT_OPTIMIZATION_LEVEL = "-O";
				VALIDATE_PRODUCT = YES;
			};
			name = Release;
		};
		9CCB947A21D57B44008C7268 /* Debug */ = {
			isa = XCBuildConfiguration;
			buildSettings = {
				ASSETCATALOG_COMPILER_APPICON_NAME = AppIcon;
				CODE_SIGN_STYLE = Automatic;
				INFOPLIST_FILE = cookie_click/Info.plist;
				LD_RUNPATH_SEARCH_PATHS = (
					"$(inherited)",
					"@executable_path/Frameworks",
				);
				PRODUCT_BUNDLE_IDENTIFIER = "jonathan.cookie-click";
				PRODUCT_NAME = "$(TARGET_NAME)";
				SWIFT_VERSION = 4.2;
				TARGETED_DEVICE_FAMILY = "1,2";
			};
			name = Debug;
		};
		9CCB947B21D57B44008C7268 /* Release */ = {
			isa = XCBuildConfiguration;
			buildSettings = {
				ASSETCATALOG_COMPILER_APPICON_NAME = AppIcon;
				CODE_SIGN_STYLE = Automatic;
				INFOPLIST_FILE = cookie_click/Info.plist;
				LD_RUNPATH_SEARCH_PATHS = (
					"$(inherited)",
					"@executable_path/Frameworks",
				);
				PRODUCT_BUNDLE_IDENTIFIER = "jonathan.cookie-click";
				PRODUCT_NAME = "$(TARGET_NAME)";
				SWIFT_VERSION = 4.2;
				TARGETED_DEVICE_FAMILY = "1,2";
			};
			name = Release;
		};
		9CCB947D21D57B44008C7268 /* Debug */ = {
			isa = XCBuildConfiguration;
			buildSettings = {
				ALWAYS_EMBED_SWIFT_STANDARD_LIBRARIES = YES;
				BUNDLE_LOADER = "$(TEST_HOST)";
				CODE_SIGN_STYLE = Automatic;
				INFOPLIST_FILE = cookie_clickTests/Info.plist;
				LD_RUNPATH_SEARCH_PATHS = (
					"$(inherited)",
					"@executable_path/Frameworks",
					"@loader_path/Frameworks",
				);
				PRODUCT_BUNDLE_IDENTIFIER = "jonathan.cookie-clickTests";
				PRODUCT_NAME = "$(TARGET_NAME)";
				SWIFT_VERSION = 4.2;
				TARGETED_DEVICE_FAMILY = "1,2";
				TEST_HOST = "$(BUILT_PRODUCTS_DIR)/cookie_click.app/cookie_click";
			};
			name = Debug;
		};
		9CCB947E21D57B44008C7268 /* Release */ = {
			isa = XCBuildConfiguration;
			buildSettings = {
				ALWAYS_EMBED_SWIFT_STANDARD_LIBRARIES = YES;
				BUNDLE_LOADER = "$(TEST_HOST)";
				CODE_SIGN_STYLE = Automatic;
				INFOPLIST_FILE = cookie_clickTests/Info.plist;
				LD_RUNPATH_SEARCH_PATHS = (
					"$(inherited)",
					"@executable_path/Frameworks",
					"@loader_path/Frameworks",
				);
				PRODUCT_BUNDLE_IDENTIFIER = "jonathan.cookie-clickTests";
				PRODUCT_NAME = "$(TARGET_NAME)";
				SWIFT_VERSION = 4.2;
				TARGETED_DEVICE_FAMILY = "1,2";
				TEST_HOST = "$(BUILT_PRODUCTS_DIR)/cookie_click.app/cookie_click";
			};
			name = Release;
		};
		9CCB948021D57B44008C7268 /* Debug */ = {
			isa = XCBuildConfiguration;
			buildSettings = {
				ALWAYS_EMBED_SWIFT_STANDARD_LIBRARIES = YES;
				CODE_SIGN_STYLE = Automatic;
				INFOPLIST_FILE = cookie_clickUITests/Info.plist;
				LD_RUNPATH_SEARCH_PATHS = (
					"$(inherited)",
					"@executable_path/Frameworks",
					"@loader_path/Frameworks",
				);
				PRODUCT_BUNDLE_IDENTIFIER = "jonathan.cookie-clickUITests";
				PRODUCT_NAME = "$(TARGET_NAME)";
				SWIFT_VERSION = 4.2;
				TARGETED_DEVICE_FAMILY = "1,2";
				TEST_TARGET_NAME = cookie_click;
			};
			name = Debug;
		};
		9CCB948121D57B44008C7268 /* Release */ = {
			isa = XCBuildConfiguration;
			buildSettings = {
				ALWAYS_EMBED_SWIFT_STANDARD_LIBRARIES = YES;
				CODE_SIGN_STYLE = Automatic;
				INFOPLIST_FILE = cookie_clickUITests/Info.plist;
				LD_RUNPATH_SEARCH_PATHS = (
					"$(inherited)",
					"@executable_path/Frameworks",
					"@loader_path/Frameworks",
				);
				PRODUCT_BUNDLE_IDENTIFIER = "jonathan.cookie-clickUITests";
				PRODUCT_NAME = "$(TARGET_NAME)";
				SWIFT_VERSION = 4.2;
				TARGETED_DEVICE_FAMILY = "1,2";
				TEST_TARGET_NAME = cookie_click;
			};
			name = Release;
		};
/* End XCBuildConfiguration section */

/* Begin XCConfigurationList section */
		9CCB944C21D57B44008C7268 /* Build configuration list for PBXProject "cookie_click" */ = {
			isa = XCConfigurationList;
			buildConfigurations = (
				9CCB947721D57B44008C7268 /* Debug */,
				9CCB947821D57B44008C7268 /* Release */,
			);
			defaultConfigurationIsVisible = 0;
			defaultConfigurationName = Release;
		};
		9CCB947921D57B44008C7268 /* Build configuration list for PBXNativeTarget "cookie_click" */ = {
			isa = XCConfigurationList;
			buildConfigurations = (
				9CCB947A21D57B44008C7268 /* Debug */,
				9CCB947B21D57B44008C7268 /* Release */,
			);
			defaultConfigurationIsVisible = 0;
			defaultConfigurationName = Release;
		};
		9CCB947C21D57B44008C7268 /* Build configuration list for PBXNativeTarget "cookie_clickTests" */ = {
			isa = XCConfigurationList;
			buildConfigurations = (
				9CCB947D21D57B44008C7268 /* Debug */,
				9CCB947E21D57B44008C7268 /* Release */,
			);
			defaultConfigurationIsVisible = 0;
			defaultConfigurationName = Release;
		};
		9CCB947F21D57B44008C7268 /* Build configuration list for PBXNativeTarget "cookie_clickUITests" */ = {
			isa = XCConfigurationList;
			buildConfigurations = (
				9CCB948021D57B44008C7268 /* Debug */,
				9CCB948121D57B44008C7268 /* Release */,
			);
			defaultConfigurationIsVisible = 0;
			defaultConfigurationName = Release;
		};
/* End XCConfigurationList section */
	};
	rootObject = 9CCB944921D57B44008C7268 /* Project object */;
}
